Microsoft Visual Studio Solution File, Format Version 11.00
# Visual Studio 2008

Project("{4D45DFA0-B844-3A93-9FC7-B3575951D249}") = "Go-Jimmy-Files", "Assembly-CSharp-firstpass-vs.csproj", "{BBFA6347-B18B-3AD4-5458-AC501140CA18}"
EndProject
Project("{4D45DFA0-B844-3A93-9FC7-B3575951D249}") = "Go-Jimmy-Files", "Assembly-CSharp-vs.csproj", "{013E72F4-CFDB-73F4-B948-22D83C3C80D0}"
EndProject
Project("{4D45DFA0-B844-3A93-9FC7-B3575951D249}") = "Go-Jimmy-Files", "Assembly-CSharp-Editor-vs.csproj", "{290EB8C1-8804-F57F-124A-DE21964DF006}"
EndProject
Global
	GlobalSection(SolutionConfigurationPlatforms) = preSolution
		Debug|Any CPU = Debug|Any CPU
		Release|Any CPU = Release|Any CPU
	EndGlobalSection
	GlobalSection(ProjectConfigurationPlatforms) = postSolution
		{BBFA6347-B18B-3AD4-5458-AC501140CA18}.Debug|Any CPU.ActiveCfg = Debug|Any CPU
		{BBFA6347-B18B-3AD4-5458-AC501140CA18}.Debug|Any CPU.Build.0 = Debug|Any CPU
		{BBFA6347-B18B-3AD4-5458-AC501140CA18}.Release|Any CPU.ActiveCfg = Release|Any CPU
		{BBFA6347-B18B-3AD4-5458-AC501140CA18}.Release|Any CPU.Build.0 = Release|Any CPU
		{013E72F4-CFDB-73F4-B948-22D83C3C80D0}.Debug|Any CPU.ActiveCfg = Debug|Any CPU
		{013E72F4-CFDB-73F4-B948-22D83C3C80D0}.Debug|Any CPU.Build.0 = Debug|Any CPU
		{013E72F4-CFDB-73F4-B948-22D83C3C80D0}.Release|Any CPU.ActiveCfg = Release|Any CPU
		{013E72F4-CFDB-73F4-B948-22D83C3C80D0}.Release|Any CPU.Build.0 = Release|Any CPU
		{290EB8C1-8804-F57F-124A-DE21964DF006}.Debug|Any CPU.ActiveCfg = Debug|Any CPU
		{290EB8C1-8804-F57F-124A-DE21964DF006}.Debug|Any CPU.Build.0 = Debug|Any CPU
		{290EB8C1-8804-F57F-124A-DE21964DF006}.Release|Any CPU.ActiveCfg = Release|Any CPU
		{290EB8C1-8804-F57F-124A-DE21964DF006}.Release|Any CPU.Build.0 = Release|Any CPU
	EndGlobalSection
	GlobalSection(SolutionProperties) = preSolution
		HideSolutionNode = FALSE
	EndGlobalSection
																										GlobalSection(MonoDevelopProperties) = preSolution
		StartupItem = Assembly-CSharp.csproj
		Policies = $0
		$0.TextStylePolicy = $1
		$1.inheritsSet = null
		$1.scope = text/x-csharp
		$0.CSharpFormattingPolicy = $2
		$2.inheritsSet = Mono
		$2.inheritsScope = text/x-csharp
		$2.scope = text/x-csharp
		$0.TextStylePolicy = $3
		$3.FileWidth = 120
		$3.TabWidth = 4
		$3.IndentWidth = 4
		$3.EolMarker = Unix
		$3.inheritsSet = Mono
		$3.inheritsScope = text/plain
		$3.scope = text/plain
	EndGlobalSection

EndGlobal
